lockfileVersion: "9.0"

settings:
  autoInstallPeers: true
  excludeLinksFromLockfile: false

importers:
  .:
    dependencies:
      "@google/generative-ai":
        specifier: ^0.21.0
        version: 0.21.0
      chalk:
        specifier: ^5.3.0
        version: 5.4.1
      commander:
        specifier: ^12.1.0
        version: 12.1.0
      conf:
        specifier: ^13.0.1
        version: 13.1.0
      simple-git:
        specifier: ^3.27.0
        version: 3.28.0

packages:
  "@google/generative-ai@0.21.0":
    resolution:
      {
        integrity: sha512-7XhUbtnlkSEZK15kN3t+tzIMxsbKm/dSkKBFalj+20NvPKe1kBY7mR2P7vuijEn+f06z5+A8bVGKO0v39cr6Wg==,
      }
    engines: { node: ">=18.0.0" }

  "@kwsites/file-exists@1.1.1":
    resolution:
      {
        integrity: sha512-m9/5YGR18lIwxSFDwfE3oA7bWuq9kdau6ugN4H2rJeyhFQZcG9AgSHkQtSD15a8WvTgfz9aikZMrKPHvbpqFiw==,
      }

  "@kwsites/promise-deferred@1.1.1":
    resolution:
      {
        integrity: sha512-GaHYm+c0O9MjZRu0ongGBRbinu8gVAMd2UZjji6jVmqKtZluZnptXGWhz1E8j8D2HJ3f/yMxKAUC0b+57wncIw==,
      }

  ajv-formats@3.0.1:
    resolution:
      {
        integrity: sha512-8iUql50EUR+uUcdRQ3HDqa6EVyo3docL8g5WJ3FNcWmu62IbkGUue/pEyLBW8VGKKucTPgqeks4fIU1DA4yowQ==,
      }
    peerDependencies:
      ajv: ^8.0.0
    peerDependenciesMeta:
      ajv:
        optional: true

  ajv@8.17.1:
    resolution:
      {
        integrity: sha512-B/gBuNg5SiMTrPkC+A2+cW0RszwxYmn6VYxB/inlBStS5nx6xHIt/ehKRhIMhqusl7a8LjQoZnjCs5vhwxOQ1g==,
      }

  atomically@2.0.3:
    resolution:
      {
        integrity: sha512-kU6FmrwZ3Lx7/7y3hPS5QnbJfaohcIul5fGqf7ok+4KklIEk9tJ0C2IQPdacSbVUWv6zVHXEBWoWd6NrVMT7Cw==,
      }

  chalk@5.4.1:
    resolution:
      {
        integrity: sha512-zgVZuo2WcZgfUEmsn6eO3kINexW8RAE4maiQ8QNs8CtpPCSyMiYsULR3HQYkm3w8FIA3SberyMJMSldGsW+U3w==,
      }
    engines: { node: ^12.17.0 || ^14.13 || >=16.0.0 }

  commander@12.1.0:
    resolution:
      {
        integrity: sha512-Vw8qHK3bZM9y/P10u3Vib8o/DdkvA2OtPtZvD871QKjy74Wj1WSKFILMPRPSdUSx5RFK1arlJzEtA4PkFgnbuA==,
      }
    engines: { node: ">=18" }

  conf@13.1.0:
    resolution:
      {
        integrity: sha512-Bi6v586cy1CoTFViVO4lGTtx780lfF96fUmS1lSX6wpZf6330NvHUu6fReVuDP1de8Mg0nkZb01c8tAQdz1o3w==,
      }
    engines: { node: ">=18" }

  debounce-fn@6.0.0:
    resolution:
      {
        integrity: sha512-rBMW+F2TXryBwB54Q0d8drNEI+TfoS9JpNTAoVpukbWEhjXQq4rySFYLaqXMFXwdv61Zb2OHtj5bviSoimqxRQ==,
      }
    engines: { node: ">=18" }

  debug@4.4.1:
    resolution:
      {
        integrity: sha512-KcKCqiftBJcZr++7ykoDIEwSa3XWowTfNPo92BYxjXiyYEVrUQh2aLyhxBCwww+heortUFxEJYcRzosstTEBYQ==,
      }
    engines: { node: ">=6.0" }
    peerDependencies:
      supports-color: "*"
    peerDependenciesMeta:
      supports-color:
        optional: true

  dot-prop@9.0.0:
    resolution:
      {
        integrity: sha512-1gxPBJpI/pcjQhKgIU91II6Wkay+dLcN3M6rf2uwP8hRur3HtQXjVrdAK3sjC0piaEuxzMwjXChcETiJl47lAQ==,
      }
    engines: { node: ">=18" }

  env-paths@3.0.0:
    resolution:
      {
        integrity: sha512-dtJUTepzMW3Lm/NPxRf3wP4642UWhjL2sQxc+ym2YMj1m/H2zDNQOlezafzkHwn6sMstjHTwG6iQQsctDW/b1A==,
      }
    engines: { node: ^12.20.0 || ^14.13.1 || >=16.0.0 }

  fast-deep-equal@3.1.3:
    resolution:
      {
        integrity: sha512-f3qQ9oQy9j2AhBe/H9VC91wLmKBCCU/gDOnKNAYG5hswO7BLKj09Hc5HYNz9cGI++xlpDCIgDaitVs03ATR84Q==,
      }

  fast-uri@3.0.6:
    resolution:
      {
        integrity: sha512-Atfo14OibSv5wAp4VWNsFYE1AchQRTv9cBGWET4pZWHzYshFSS9NQI6I57rdKn9croWVMbYFbLhJ+yJvmZIIHw==,
      }

  json-schema-traverse@1.0.0:
    resolution:
      {
        integrity: sha512-NM8/P9n3XjXhIZn1lLhkFaACTOURQXjWhV4BA/RnOv8xvgqtqpAX9IO4mRQxSx1Rlo4tqzeqb0sOlruaOy3dug==,
      }

  json-schema-typed@8.0.1:
    resolution:
      {
        integrity: sha512-XQmWYj2Sm4kn4WeTYvmpKEbyPsL7nBsb647c7pMe6l02/yx2+Jfc4dT6UZkEXnIUb5LhD55r2HPsJ1milQ4rDg==,
      }

  mimic-function@5.0.1:
    resolution:
      {
        integrity: sha512-VP79XUPxV2CigYP3jWwAUFSku2aKqBH7uTAapFWCBqutsbmDo96KY5o8uh6U+/YSIn5OxJnXp73beVkpqMIGhA==,
      }
    engines: { node: ">=18" }

  ms@2.1.3:
    resolution:
      {
        integrity: sha512-6FlzubTLZG3J2a/NVCAleEhjzq5oxgHyaCU9yYXvcLsvoVaHJq/s5xXI6/XXP6tz7R9xAOtHnSO/tXtF3WRTlA==,
      }

  require-from-string@2.0.2:
    resolution:
      {
        integrity: sha512-Xf0nWe6RseziFMu+Ap9biiUbmplq6S9/p+7w7YXP/JBHhrUDDUhwa+vANyubuqfZWTveU//DYVGsDG7RKL/vEw==,
      }
    engines: { node: ">=0.10.0" }

  semver@7.7.2:
    resolution:
      {
        integrity: sha512-RF0Fw+rO5AMf9MAyaRXI4AV0Ulj5lMHqVxxdSgiVbixSCXoEmmX/jk0CuJw4+3SqroYO9VoUh+HcuJivvtJemA==,
      }
    engines: { node: ">=10" }
    hasBin: true

  simple-git@3.28.0:
    resolution:
      {
        integrity: sha512-Rs/vQRwsn1ILH1oBUy8NucJlXmnnLeLCfcvbSehkPzbv3wwoFWIdtfd6Ndo6ZPhlPsCZ60CPI4rxurnwAa+a2w==,
      }

  stubborn-fs@1.2.5:
    resolution:
      {
        integrity: sha512-H2N9c26eXjzL/S/K+i/RHHcFanE74dptvvjM8iwzwbVcWY/zjBbgRqF3K0DY4+OD+uTTASTBvDoxPDaPN02D7g==,
      }

  type-fest@4.41.0:
    resolution:
      {
        integrity: sha512-TeTSQ6H5YHvpqVwBRcnLDCBnDOHWYu7IvGbHT6N8AOymcr9PJGjc1GTtiWZTYg0NCgYwvnYWEkVChQAr9bjfwA==,
      }
    engines: { node: ">=16" }

  uint8array-extras@1.4.0:
    resolution:
      {
        integrity: sha512-ZPtzy0hu4cZjv3z5NW9gfKnNLjoz4y6uv4HlelAjDK7sY/xOkKZv9xK/WQpcsBB3jEybChz9DPC2U/+cusjJVQ==,
      }
    engines: { node: ">=18" }

  when-exit@2.1.4:
    resolution:
      {
        integrity: sha512-4rnvd3A1t16PWzrBUcSDZqcAmsUIy4minDXT/CZ8F2mVDgd65i4Aalimgz1aQkRGU0iH5eT5+6Rx2TK8o443Pg==,
      }

snapshots:
  "@google/generative-ai@0.21.0": {}

  "@kwsites/file-exists@1.1.1":
    dependencies:
      debug: 4.4.1
    transitivePeerDependencies:
      - supports-color

  "@kwsites/promise-deferred@1.1.1": {}

  ajv-formats@3.0.1(ajv@8.17.1):
    optionalDependencies:
      ajv: 8.17.1

  ajv@8.17.1:
    dependencies:
      fast-deep-equal: 3.1.3
      fast-uri: 3.0.6
      json-schema-traverse: 1.0.0
      require-from-string: 2.0.2

  atomically@2.0.3:
    dependencies:
      stubborn-fs: 1.2.5
      when-exit: 2.1.4

  chalk@5.4.1: {}

  commander@12.1.0: {}

  conf@13.1.0:
    dependencies:
      ajv: 8.17.1
      ajv-formats: 3.0.1(ajv@8.17.1)
      atomically: 2.0.3
      debounce-fn: 6.0.0
      dot-prop: 9.0.0
      env-paths: 3.0.0
      json-schema-typed: 8.0.1
      semver: 7.7.2
      uint8array-extras: 1.4.0

  debounce-fn@6.0.0:
    dependencies:
      mimic-function: 5.0.1

  debug@4.4.1:
    dependencies:
      ms: 2.1.3

  dot-prop@9.0.0:
    dependencies:
      type-fest: 4.41.0

  env-paths@3.0.0: {}

  fast-deep-equal@3.1.3: {}

  fast-uri@3.0.6: {}

  json-schema-traverse@1.0.0: {}

  json-schema-typed@8.0.1: {}

  mimic-function@5.0.1: {}

  ms@2.1.3: {}

  require-from-string@2.0.2: {}

  semver@7.7.2: {}

  simple-git@3.28.0:
    dependencies:
      "@kwsites/file-exists": 1.1.1
      "@kwsites/promise-deferred": 1.1.1
      debug: 4.4.1
    transitivePeerDependencies:
      - supports-color

  stubborn-fs@1.2.5: {}

  type-fest@4.41.0: {}

  uint8array-extras@1.4.0: {}

  when-exit@2.1.4: {}
